{
  "name": "wunderdate",
  "version": "0.0.0",
  "lockfileVersion": 2,
  "requires": true,
  "packages": {
    "": {
      "version": "0.0.0",
      "dependencies": {
        "@prisma/client": "^4.3.1"
      },
      "devDependencies": {
        "prettier-plugin-prisma": "^4.2.0",
        "prisma": "^4.3.1"
      }
    },
    "node_modules/@prisma/client": {
      "version": "4.3.1",
      "resolved": "https://registry.npmjs.org/@prisma/client/-/client-4.3.1.tgz",
      "integrity": "sha512-FA0/d1VMJNWqzU7WVWTNWJ+lGOLR9JUBnF73GdIPAEVo/6dWk4gHx0EmgeU+SMv4MZoxgOeTBJF2azhg7x0hMw==",
      "hasInstallScript": true,
      "dependencies": {
        "@prisma/engines-version": "4.3.0-32.c875e43600dfe042452e0b868f7a48b817b9640b"
      },
      "engines": {
        "node": ">=14.17"
      },
      "peerDependencies": {
        "prisma": "*"
      },
      "peerDependenciesMeta": {
        "prisma": {
          "optional": true
        }
      }
    },
    "node_modules/@prisma/engines": {
      "version": "4.3.1",
      "resolved": "https://registry.npmjs.org/@prisma/engines/-/engines-4.3.1.tgz",
      "integrity": "sha512-4JF/uMaEDAPdcdZNOrnzE3BvrbGpjgV0FcPT3EVoi6I86fWkloqqxBt+KcK/+fIRR0Pxj66uGR9wVH8U1Y13JA==",
      "devOptional": true,
      "hasInstallScript": true
    },
    "node_modules/@prisma/engines-version": {
      "version": "4.3.0-32.c875e43600dfe042452e0b868f7a48b817b9640b",
      "resolved": "https://registry.npmjs.org/@prisma/engines-version/-/engines-version-4.3.0-32.c875e43600dfe042452e0b868f7a48b817b9640b.tgz",
      "integrity": "sha512-8yWpXkQRmiSfsi2Wb/ZS5D3RFbeu/btL9Pm/gdF4phB0Lo5KGsDFMxFMgaD64mwED2nHc8ZaEJg/+4Jymb9Znw=="
    },
    "node_modules/@prisma/prisma-fmt-wasm": {
      "version": "4.2.0-33.2920a97877e12e055c1333079b8d19cee7f33826",
      "resolved": "https://registry.npmjs.org/@prisma/prisma-fmt-wasm/-/prisma-fmt-wasm-4.2.0-33.2920a97877e12e055c1333079b8d19cee7f33826.tgz",
      "integrity": "sha512-xXE4vjNMlvY2T0MqyOpUwcKnuajn3SDksF23PWtd3mODP5J3rtf1QoqSk99CX1i8Opap/UN0L0VHvPwgE49O7g==",
      "dev": true
    },
    "node_modules/prettier": {
      "version": "2.7.1",
      "resolved": "https://registry.npmjs.org/prettier/-/prettier-2.7.1.tgz",
      "integrity": "sha512-ujppO+MkdPqoVINuDFDRLClm7D78qbDt0/NR+wp5FqEZOoTNAjPHWj17QRhu7geIHJfcNhRk1XVQmF8Bp3ye+g==",
      "dev": true,
      "peer": true,
      "bin": {
        "prettier": "bin-prettier.js"
      },
      "engines": {
        "node": ">=10.13.0"
      },
      "funding": {
        "url": "https://github.com/prettier/prettier?sponsor=1"
      }
    },
    "node_modules/prettier-plugin-prisma": {
      "version": "4.2.0",
      "resolved": "https://registry.npmjs.org/prettier-plugin-prisma/-/prettier-plugin-prisma-4.2.0.tgz",
      "integrity": "sha512-7KWA1L1p7PeSLOZJvDFKaik4z9c4SddgMGBkCzwzqUK13LhFhrIq3nyFBMZxoY3jt2gl8HfOiTT44/tCdjIBIQ==",
      "dev": true,
      "dependencies": {
        "@prisma/prisma-fmt-wasm": "4.2.0-33.2920a97877e12e055c1333079b8d19cee7f33826"
      },
      "engines": {
        "node": ">=12",
        "npm": ">=7"
      },
      "peerDependencies": {
        "prettier": ">=2"
      }
    },
    "node_modules/prisma": {
      "version": "4.3.1",
      "resolved": "https://registry.npmjs.org/prisma/-/prisma-4.3.1.tgz",
      "integrity": "sha512-90xo06wtqil76Xsi3mNpc4Js3SdDRR5g4qb9h+4VWY4Y8iImJY6xc3PX+C9xxTSt1lr0Q89A0MLkJjd8ax6KiQ==",
      "devOptional": true,
      "hasInstallScript": true,
      "dependencies": {
        "@prisma/engines": "4.3.1"
      },
      "bin": {
        "prisma": "build/index.js",
        "prisma2": "build/index.js"
      },
      "engines": {
        "node": ">=14.17"
      }
    }
  },
  "dependencies": {
    "@prisma/client": {
      "version": "4.3.1",
      "resolved": "https://registry.npmjs.org/@prisma/client/-/client-4.3.1.tgz",
      "integrity": "sha512-FA0/d1VMJNWqzU7WVWTNWJ+lGOLR9JUBnF73GdIPAEVo/6dWk4gHx0EmgeU+SMv4MZoxgOeTBJF2azhg7x0hMw==",
      "requires": {
        "@prisma/engines-version": "4.3.0-32.c875e43600dfe042452e0b868f7a48b817b9640b"
      }
    },
    "@prisma/engines": {
      "version": "4.3.1",
      "resolved": "https://registry.npmjs.org/@prisma/engines/-/engines-4.3.1.tgz",
      "integrity": "sha512-4JF/uMaEDAPdcdZNOrnzE3BvrbGpjgV0FcPT3EVoi6I86fWkloqqxBt+KcK/+fIRR0Pxj66uGR9wVH8U1Y13JA==",
      "devOptional": true
    },
    "@prisma/engines-version": {
      "version": "4.3.0-32.c875e43600dfe042452e0b868f7a48b817b9640b",
      "resolved": "https://registry.npmjs.org/@prisma/engines-version/-/engines-version-4.3.0-32.c875e43600dfe042452e0b868f7a48b817b9640b.tgz",
      "integrity": "sha512-8yWpXkQRmiSfsi2Wb/ZS5D3RFbeu/btL9Pm/gdF4phB0Lo5KGsDFMxFMgaD64mwED2nHc8ZaEJg/+4Jymb9Znw=="
    },
    "@prisma/prisma-fmt-wasm": {
      "version": "4.2.0-33.2920a97877e12e055c1333079b8d19cee7f33826",
      "resolved": "https://registry.npmjs.org/@prisma/prisma-fmt-wasm/-/prisma-fmt-wasm-4.2.0-33.2920a97877e12e055c1333079b8d19cee7f33826.tgz",
      "integrity": "sha512-xXE4vjNMlvY2T0MqyOpUwcKnuajn3SDksF23PWtd3mODP5J3rtf1QoqSk99CX1i8Opap/UN0L0VHvPwgE49O7g==",
      "dev": true
    },
    "prettier": {
      "version": "2.7.1",
      "resolved": "https://registry.npmjs.org/prettier/-/prettier-2.7.1.tgz",
      "integrity": "sha512-ujppO+MkdPqoVINuDFDRLClm7D78qbDt0/NR+wp5FqEZOoTNAjPHWj17QRhu7geIHJfcNhRk1XVQmF8Bp3ye+g==",
      "dev": true,
      "peer": true
    },
    "prettier-plugin-prisma": {
      "version": "4.2.0",
      "resolved": "https://registry.npmjs.org/prettier-plugin-prisma/-/prettier-plugin-prisma-4.2.0.tgz",
      "integrity": "sha512-7KWA1L1p7PeSLOZJvDFKaik4z9c4SddgMGBkCzwzqUK13LhFhrIq3nyFBMZxoY3jt2gl8HfOiTT44/tCdjIBIQ==",
      "dev": true,
      "requires": {
        "@prisma/prisma-fmt-wasm": "4.2.0-33.2920a97877e12e055c1333079b8d19cee7f33826"
      }
    },
    "prisma": {
      "version": "4.3.1",
      "resolved": "https://registry.npmjs.org/prisma/-/prisma-4.3.1.tgz",
      "integrity": "sha512-90xo06wtqil76Xsi3mNpc4Js3SdDRR5g4qb9h+4VWY4Y8iImJY6xc3PX+C9xxTSt1lr0Q89A0MLkJjd8ax6KiQ==",
      "devOptional": true,
      "requires": {
        "@prisma/engines": "4.3.1"
      }
    }
  }
}
